
Microsoft Visual Studio Solution File, Format Version 12.00
# Visual Studio Version 16
VisualStudioVersion = 16.0.30114.105
MinimumVisualStudioVersion = 10.0.40219.1
Project("{FAE04EC0-301F-11D3-BF4B-00C04F79EFBC}") = "SysOSFL.EN", "SysOSFL.EN\SysOSFL.EN.csproj", "{4ED906FF-D9F3-48B2-B5DF-E90510D3F264}"
EndProject
Global
	GlobalSection(SolutionConfigurationPlatforms) = preSolution
		Debug|Any CPU = Debug|Any CPU
		Release|Any CPU = Release|Any CPU
	EndGlobalSection
	GlobalSection(ProjectConfigurationPlatforms) = postSolution
		{4ED906FF-D9F3-48B2-B5DF-E90510D3F264}.Debug|Any CPU.ActiveCfg = Debug|Any CPU
		{4ED906FF-D9F3-48B2-B5DF-E90510D3F264}.Debug|Any CPU.Build.0 = Debug|Any CPU
		{4ED906FF-D9F3-48B2-B5DF-E90510D3F264}.Release|Any CPU.ActiveCfg = Release|Any CPU
		{4ED906FF-D9F3-48B2-B5DF-E90510D3F264}.Release|Any CPU.Build.0 = Release|Any CPU
	EndGlobalSection
	GlobalSection(SolutionProperties) = preSolution
		HideSolutionNode = FALSE
	EndGlobalSection
	GlobalSection(ExtensibilityGlobals) = postSolution
		SolutionGuid = {F013929D-12C5-42F9-AE91-B18A17DD291F}
	EndGlobalSection
EndGlobal
